// !$*UTF8*$!
{
	archiveVersion = 1;
	classes = {
	};
	objectVersion = 51;
	objects = {

/* Begin PBXBuildFile section */
		310758D9E3C3D945CDA41FFA /* Pods_Photos.framework in Frameworks */ = {isa = PBXBuildFile; fileRef = D6E3F4CFD684938168A626BE /* Pods_Photos.framework */; };
		74EE1FBB252B2CD300438B77 /* AppDelegate.swift in Sources */ = {isa = PBXBuildFile; fileRef = 74EE1FBA252B2CD300438B77 /* AppDelegate.swift */; };
		74EE1FBD252B2CD300438B77 /* SceneDelegate.swift in Sources */ = {isa = PBXBuildFile; fileRef = 74EE1FBC252B2CD300438B77 /* SceneDelegate.swift */; };
		74EE1FBF252B2CD300438B77 /* ViewController.swift in Sources */ = {isa = PBXBuildFile; fileRef = 74EE1FBE252B2CD300438B77 /* ViewController.swift */; };
		74EE1FC2252B2CD300438B77 /* Main.storyboard in Resources */ = {isa = PBXBuildFile; fileRef = 74EE1FC0252B2CD300438B77 /* Main.storyboard */; };
		74EE1FC4252B2CD500438B77 /* Assets.xcassets in Resources */ = {isa = PBXBuildFile; fileRef = 74EE1FC3252B2CD500438B77 /* Assets.xcassets */; };
		74EE1FC7252B2CD500438B77 /* LaunchScreen.storyboard in Resources */ = {isa = PBXBuildFile; fileRef = 74EE1FC5252B2CD500438B77 /* LaunchScreen.storyboard */; };
		74EE1FD2252B2FBC00438B77 /* PhotosCell.swift in Sources */ = {isa = PBXBuildFile; fileRef = 74EE1FD1252B2FBC00438B77 /* PhotosCell.swift */; };
		74EE1FD4252B302100438B77 /* Photo.swift in Sources */ = {isa = PBXBuildFile; fileRef = 74EE1FD3252B302100438B77 /* Photo.swift */; };
/* End PBXBuildFile section */

/* Begin PBXFileReference section */
		5353E02DAA3CFFB1B0BC7314 /* Pods-Photos.debug.xcconfig */ = {isa = PBXFileReference; includeInIndex = 1; lastKnownFileType = text.xcconfig; name = "Pods-Photos.debug.xcconfig"; path = "Target Support Files/Pods-Photos/Pods-Photos.debug.xcconfig"; sourceTree = "<group>"; };
		74EE1FB7252B2CD300438B77 /* Photos.app */ = {isa = PBXFileReference; explicitFileType = wrapper.application; includeInIndex = 0; path = Photos.app; sourceTree = BUILT_PRODUCTS_DIR; };
		74EE1FBA252B2CD300438B77 /* AppDelegate.swift */ = {isa = PBXFileReference; lastKnownFileType = sourcecode.swift; path = AppDelegate.swift; sourceTree = "<group>"; };
		74EE1FBC252B2CD300438B77 /* SceneDelegate.swift */ = {isa = PBXFileReference; lastKnownFileType = sourcecode.swift; path = SceneDelegate.swift; sourceTree = "<group>"; };
		74EE1FBE252B2CD300438B77 /* ViewController.swift */ = {isa = PBXFileReference; lastKnownFileType = sourcecode.swift; path = ViewController.swift; sourceTree = "<group>"; };
		74EE1FC1252B2CD300438B77 /* Base */ = {isa = PBXFileReference; lastKnownFileType = file.storyboard; name = Base; path = Base.lproj/Main.storyboard; sourceTree = "<group>"; };
		74EE1FC3252B2CD500438B77 /* Assets.xcassets */ = {isa = PBXFileReference; lastKnownFileType = folder.assetcatalog; path = Assets.xcassets; sourceTree = "<group>"; };
		74EE1FC6252B2CD500438B77 /* Base */ = {isa = PBXFileReference; lastKnownFileType = file.storyboard; name = Base; path = Base.lproj/LaunchScreen.storyboard; sourceTree = "<group>"; };
		74EE1FC8252B2CD500438B77 /* Info.plist */ = {isa = PBXFileReference; lastKnownFileType = text.plist.xml; path = Info.plist; sourceTree = "<group>"; };
		74EE1FD1252B2FBC00438B77 /* PhotosCell.swift */ = {isa = PBXFileReference; lastKnownFileType = sourcecode.swift; path = PhotosCell.swift; sourceTree = "<group>"; };
		74EE1FD3252B302100438B77 /* Photo.swift */ = {isa = PBXFileReference; lastKnownFileType = sourcecode.swift; path = Photo.swift; sourceTree = "<group>"; };
		BEF859A46A0EC32EF69E8EBF /* Pods-Photos.release.xcconfig */ = {isa = PBXFileReference; includeInIndex = 1; lastKnownFileType = text.xcconfig; name = "Pods-Photos.release.xcconfig"; path = "Target Support Files/Pods-Photos/Pods-Photos.release.xcconfig"; sourceTree = "<group>"; };
		D6E3F4CFD684938168A626BE /* Pods_Photos.framework */ = {isa = PBXFileReference; explicitFileType = wrapper.framework; includeInIndex = 0; path = Pods_Photos.framework; sourceTree = BUILT_PRODUCTS_DIR; };
/* End PBXFileReference section */

/* Begin PBXFrameworksBuildPhase section */
		74EE1FB4252B2CD300438B77 /* Frameworks */ = {
			isa = PBXFrameworksBuildPhase;
			buildActionMask = 2147483647;
			files = (
				310758D9E3C3D945CDA41FFA /* Pods_Photos.framework in Frameworks */,
			);
			runOnlyForDeploymentPostprocessing = 0;
		};
/* End PBXFrameworksBuildPhase section */

/* Begin PBXGroup section */
		72F7EE092DD5C4C1DB6BF50F /* Pods */ = {
			isa = PBXGroup;
			children = (
				5353E02DAA3CFFB1B0BC7314 /* Pods-Photos.debug.xcconfig */,
				BEF859A46A0EC32EF69E8EBF /* Pods-Photos.release.xcconfig */,
			);
			path = Pods;
			sourceTree = "<group>";
		};
		74EE1FAE252B2CD300438B77 = {
			isa = PBXGroup;
			children = (
				74EE1FCE252B2F8700438B77 /* Controllers */,
				74EE1FD0252B2F9F00438B77 /* Models */,
				74EE1FCF252B2F9200438B77 /* Cells */,
				74EE1FB9252B2CD300438B77 /* Photos */,
				74EE1FB8252B2CD300438B77 /* Products */,
				72F7EE092DD5C4C1DB6BF50F /* Pods */,
				D061DCC07E0749DED6A6D924 /* Frameworks */,
			);
			sourceTree = "<group>";
		};
		74EE1FB8252B2CD300438B77 /* Products */ = {
			isa = PBXGroup;
			children = (
				74EE1FB7252B2CD300438B77 /* Photos.app */,
			);
			name = Products;
			sourceTree = "<group>";
		};
		74EE1FB9252B2CD300438B77 /* Photos */ = {
			isa = PBXGroup;
			children = (
				74EE1FBA252B2CD300438B77 /* AppDelegate.swift */,
				74EE1FBC252B2CD300438B77 /* SceneDelegate.swift */,
				74EE1FC0252B2CD300438B77 /* Main.storyboard */,
				74EE1FC3252B2CD500438B77 /* Assets.xcassets */,
				74EE1FC5252B2CD500438B77 /* LaunchScreen.storyboard */,
				74EE1FC8252B2CD500438B77 /* Info.plist */,
			);
			path = Photos;
			sourceTree = "<group>";
		};
		74EE1FCE252B2F8700438B77 /* Controllers */ = {
			isa = PBXGroup;
			children = (
				74EE1FBE252B2CD300438B77 /* ViewController.swift */,
			);
			path = Controllers;
			sourceTree = "<group>";
		};
		74EE1FCF252B2F9200438B77 /* Cells */ = {
			isa = PBXGroup;
			children = (
				74EE1FD1252B2FBC00438B77 /* PhotosCell.swift */,
			);
			path = Cells;
			sourceTree = "<group>";
		};
		74EE1FD0252B2F9F00438B77 /* Models */ = {
			isa = PBXGroup;
			children = (
				74EE1FD3252B302100438B77 /* Photo.swift */,
			);
			path = Models;
			sourceTree = "<group>";
		};
		D061DCC07E0749DED6A6D924 /* Frameworks */ = {
			isa = PBXGroup;
			children = (
				D6E3F4CFD684938168A626BE /* Pods_Photos.framework */,
			);
			name = Frameworks;
			sourceTree = "<group>";
		};
/* End PBXGroup section */

/* Begin PBXNativeTarget section */
		74EE1FB6252B2CD300438B77 /* Photos */ = {
			isa = PBXNativeTarget;
			buildConfigurationList = 74EE1FCB252B2CD500438B77 /* Build configuration list for PBXNativeTarget "Photos" */;
			buildPhases = (
				F48A9175A5129FF8D7BD6C64 /* [CP] Check Pods Manifest.lock */,
				74EE1FB3252B2CD300438B77 /* Sources */,
				74EE1FB4252B2CD300438B77 /* Frameworks */,
				74EE1FB5252B2CD300438B77 /* Resources */,
				513BC0C2F94D325A30FB9443 /* [CP] Embed Pods Frameworks */,
			);
			buildRules = (
			);
			dependencies = (
			);
			name = Photos;
			productName = Photos;
			productReference = 74EE1FB7252B2CD300438B77 /* Photos.app */;
			productType = "com.apple.product-type.application";
		};
/* End PBXNativeTarget section */

/* Begin PBXProject section */
		74EE1FAF252B2CD300438B77 /* Project object */ = {
			isa = PBXProject;
			attributes = {
				LastSwiftUpdateCheck = 1130;
				LastUpgradeCheck = 1130;
				ORGANIZATIONNAME = Egor;
				TargetAttributes = {
					74EE1FB6252B2CD300438B77 = {
						CreatedOnToolsVersion = 11.3.1;
					};
				};
			};
			buildConfigurationList = 74EE1FB2252B2CD300438B77 /* Build configuration list for PBXProject "Photos" */;
			compatibilityVersion = "Xcode 9.3";
			developmentRegion = en;
			hasScannedForEncodings = 0;
			knownRegions = (
				en,
				Base,
			);
			mainGroup = 74EE1FAE252B2CD300438B77;
			productRefGroup = 74EE1FB8252B2CD300438B77 /* Products */;
			projectDirPath = "";
			projectRoot = "";
			targets = (
				74EE1FB6252B2CD300438B77 /* Photos */,
			);
		};
/* End PBXProject section */

/* Begin PBXResourcesBuildPhase section */
		74EE1FB5252B2CD300438B77 /* Resources */ = {
			isa = PBXResourcesBuildPhase;
			buildActionMask = 2147483647;
			files = (
				74EE1FC7252B2CD500438B77 /* LaunchScreen.storyboard in Resources */,
				74EE1FC4252B2CD500438B77 /* Assets.xcassets in Resources */,
				74EE1FC2252B2CD300438B77 /* Main.storyboard in Resources */,
			);
			runOnlyForDeploymentPostprocessing = 0;
		};
/* End PBXResourcesBuildPhase section */

/* Begin PBXShellScriptBuildPhase section */
		513BC0C2F94D325A30FB9443 /* [CP] Embed Pods Frameworks */ = {
			isa = PBXShellScriptBuildPhase;
			buildActionMask = 2147483647;
			files = (
			);
			inputFileListPaths = (
				"${PODS_ROOT}/Target Support Files/Pods-Photos/Pods-Photos-frameworks-${CONFIGURATION}-input-files.xcfilelist",
			);
			name = "[CP] Embed Pods Frameworks";
			outputFileListPaths = (
				"${PODS_ROOT}/Target Support Files/Pods-Photos/Pods-Photos-frameworks-${CONFIGURATION}-output-files.xcfilelist",
			);
			runOnlyForDeploymentPostprocessing = 0;
			shellPath = /bin/sh;
			shellScript = "\"${PODS_ROOT}/Target Support Files/Pods-Photos/Pods-Photos-frameworks.sh\"\n";
			showEnvVarsInLog = 0;
		};
		F48A9175A5129FF8D7BD6C64 /* [CP] Check Pods Manifest.lock */ = {
			isa = PBXShellScriptBuildPhase;
			buildActionMask = 2147483647;
			files = (
			);
			inputFileListPaths = (
			);
			inputPaths = (
				"${PODS_PODFILE_DIR_PATH}/Podfile.lock",
				"${PODS_ROOT}/Manifest.lock",
			);
			name = "[CP] Check Pods Manifest.lock";
			outputFileListPaths = (
			);
			outputPaths = (
				"$(DERIVED_FILE_DIR)/Pods-Photos-checkManifestLockResult.txt",
			);
			runOnlyForDeploymentPostprocessing = 0;
			shellPath = /bin/sh;
			shellScript = "diff \"${PODS_PODFILE_DIR_PATH}/Podfile.lock\" \"${PODS_ROOT}/Manifest.lock\" > /dev/null\nif [ $? != 0 ] ; then\n    # print error to STDERR\n    echo \"error: The sandbox is not in sync with the Podfile.lock. Run 'pod install' or update your CocoaPods installation.\" >&2\n    exit 1\nfi\n# This output is used by Xcode 'outputs' to avoid re-running this script phase.\necho \"SUCCESS\" > \"${SCRIPT_OUTPUT_FILE_0}\"\n";
			showEnvVarsInLog = 0;
		};
/* End PBXShellScriptBuildPhase section */

/* Begin PBXSourcesBuildPhase section */
		74EE1FB3252B2CD300438B77 /* Sources */ = {
			isa = PBXSourcesBuildPhase;
			buildActionMask = 2147483647;
			files = (
				74EE1FD2252B2FBC00438B77 /* PhotosCell.swift in Sources */,
				74EE1FBF252B2CD300438B77 /* ViewController.swift in Sources */,
				74EE1FBB252B2CD300438B77 /* AppDelegate.swift in Sources */,
				74EE1FBD252B2CD300438B77 /* SceneDelegate.swift in Sources */,
				74EE1FD4252B302100438B77 /* Photo.swift in Sources */,
			);
			runOnlyForDeploymentPostprocessing = 0;
		};
/* End PBXSourcesBuildPhase section */

/* Begin PBXVariantGroup section */
		74EE1FC0252B2CD300438B77 /* Main.storyboard */ = {
			isa = PBXVariantGroup;
			children = (
				74EE1FC1252B2CD300438B77 /* Base */,
			);
			name = Main.storyboard;
			sourceTree = "<group>";
		};
		74EE1FC5252B2CD500438B77 /* LaunchScreen.storyboard */ = {
			isa = PBXVariantGroup;
			children = (
				74EE1FC6252B2CD500438B77 /* Base */,
			);
			name = LaunchScreen.storyboard;
			sourceTree = "<group>";
		};
/* End PBXVariantGroup section */

/* Begin XCBuildConfiguration section */
		74EE1FC9252B2CD500438B77 /* Debug */ = {
			isa = XCBuildConfiguration;
			buildSettings = {
				ALWAYS_SEARCH_USER_PATHS = NO;
				CLANG_ANALYZER_NONNULL = YES;
				CLANG_ANALYZER_NUMBER_OBJECT_CONVERSION = YES_AGGRESSIVE;
				CLANG_CXX_LANGUAGE_STANDARD = "gnu++14";
				CLANG_CXX_LIBRARY = "libc++";
				CLANG_ENABLE_MODULES = YES;
				CLANG_ENABLE_OBJC_ARC = YES;
				CLANG_ENABLE_OBJC_WEAK = YES;
				CLANG_WARN_BLOCK_CAPTURE_AUTORELEASING = YES;
				CLANG_WARN_BOOL_CONVERSION = YES;
				CLANG_WARN_COMMA = YES;
				CLANG_WARN_CONSTANT_CONVERSION = YES;
				CLANG_WARN_DEPRECATED_OBJC_IMPLEMENTATIONS = YES;
				CLANG_WARN_DIRECT_OBJC_ISA_USAGE = YES_ERROR;
				CLANG_WARN_DOCUMENTATION_COMMENTS = YES;
				CLANG_WARN_EMPTY_BODY = YES;
				CLANG_WARN_ENUM_CONVERSION = YES;
				CLANG_WARN_INFINITE_RECURSION = YES;
				CLANG_WARN_INT_CONVERSION = YES;
				CLANG_WARN_NON_LITERAL_NULL_CONVERSION = YES;
				CLANG_WARN_OBJC_IMPLICIT_RETAIN_SELF = YES;
				CLANG_WARN_OBJC_LITERAL_CONVERSION = YES;
				CLANG_WARN_OBJC_ROOT_CLASS = YES_ERROR;
				CLANG_WARN_RANGE_LOOP_ANALYSIS = YES;
				CLANG_WARN_STRICT_PROTOTYPES = YES;
				CLANG_WARN_SUSPICIOUS_MOVE = YES;
				CLANG_WARN_UNGUARDED_AVAILABILITY = YES_AGGRESSIVE;
				CLANG_WARN_UNREACHABLE_CODE = YES;
				CLANG_WARN__DUPLICATE_METHOD_MATCH = YES;
				COPY_PHASE_STRIP = NO;
				DEBUG_INFORMATION_FORMAT = dwarf;
				ENABLE_STRICT_OBJC_MSGSEND = YES;
				ENABLE_TESTABILITY = YES;
				GCC_C_LANGUAGE_STANDARD = gnu11;
				GCC_DYNAMIC_NO_PIC = NO;
				GCC_NO_COMMON_BLOCKS = YES;
				GCC_OPTIMIZATION_LEVEL = 0;
				GCC_PREPROCESSOR_DEFINITIONS = (
					"DEBUG=1",
					"$(inherited)",
				);
				GCC_WARN_64_TO_32_BIT_CONVERSION = YES;
				GCC_WARN_ABOUT_RETURN_TYPE = YES_ERROR;
				GCC_WARN_UNDECLARED_SELECTOR = YES;
				GCC_WARN_UNINITIALIZED_AUTOS = YES_AGGRESSIVE;
				GCC_WARN_UNUSED_FUNCTION = YES;
				GCC_WARN_UNUSED_VARIABLE = YES;
				IPHONEOS_DEPLOYMENT_TARGET = 13.2;
				MTL_ENABLE_DEBUG_INFO = INCLUDE_SOURCE;
				MTL_FAST_MATH = YES;
				ONLY_ACTIVE_ARCH = YES;
				SDKROOT = iphoneos;
				SWIFT_ACTIVE_COMPILATION_CONDITIONS = DEBUG;
				SWIFT_OPTIMIZATION_LEVEL = "-Onone";
			};
			name = Debug;
		};
		74EE1FCA252B2CD500438B77 /* Release */ = {
			isa = XCBuildConfiguration;
			buildSettings = {
				ALWAYS_SEARCH_USER_PATHS = NO;
				CLANG_ANALYZER_NONNULL = YES;
				CLANG_ANALYZER_NUMBER_OBJECT_CONVERSION = YES_AGGRESSIVE;
				CLANG_CXX_LANGUAGE_STANDARD = "gnu++14";
				CLANG_CXX_LIBRARY = "libc++";
				CLANG_ENABLE_MODULES = YES;
				CLANG_ENABLE_OBJC_ARC = YES;
				CLANG_ENABLE_OBJC_WEAK = YES;
				CLANG_WARN_BLOCK_CAPTURE_AUTORELEASING = YES;
				CLANG_WARN_BOOL_CONVERSION = YES;
				CLANG_WARN_COMMA = YES;
				CLANG_WARN_CONSTANT_CONVERSION = YES;
				CLANG_WARN_DEPRECATED_OBJC_IMPLEMENTATIONS = YES;
				CLANG_WARN_DIRECT_OBJC_ISA_USAGE = YES_ERROR;
				CLANG_WARN_DOCUMENTATION_COMMENTS = YES;
				CLANG_WARN_EMPTY_BODY = YES;
				CLANG_WARN_ENUM_CONVERSION = YES;
				CLANG_WARN_INFINITE_RECURSION = YES;
				CLANG_WARN_INT_CONVERSION = YES;
				CLANG_WARN_NON_LITERAL_NULL_CONVERSION = YES;
				CLANG_WARN_OBJC_IMPLICIT_RETAIN_SELF = YES;
				CLANG_WARN_OBJC_LITERAL_CONVERSION = YES;
				CLANG_WARN_OBJC_ROOT_CLASS = YES_ERROR;
				CLANG_WARN_RANGE_LOOP_ANALYSIS = YES;
				CLANG_WARN_STRICT_PROTOTYPES = YES;
				CLANG_WARN_SUSPICIOUS_MOVE = YES;
				CLANG_WARN_UNGUARDED_AVAILABILITY = YES_AGGRESSIVE;
				CLANG_WARN_UNREACHABLE_CODE = YES;
				CLANG_WARN__DUPLICATE_METHOD_MATCH = YES;
				COPY_PHASE_STRIP = NO;
				DEBUG_INFORMATION_FORMAT = "dwarf-with-dsym";
				ENABLE_NS_ASSERTIONS = NO;
				ENABLE_STRICT_OBJC_MSGSEND = YES;
				GCC_C_LANGUAGE_STANDARD = gnu11;
				GCC_NO_COMMON_BLOCKS = YES;
				GCC_WARN_64_TO_32_BIT_CONVERSION = YES;
				GCC_WARN_ABOUT_RETURN_TYPE = YES_ERROR;
				GCC_WARN_UNDECLARED_SELECTOR = YES;
				GCC_WARN_UNINITIALIZED_AUTOS = YES_AGGRESSIVE;
				GCC_WARN_UNUSED_FUNCTION = YES;
				GCC_WARN_UNUSED_VARIABLE = YES;
				IPHONEOS_DEPLOYMENT_TARGET = 13.2;
				MTL_ENABLE_DEBUG_INFO = NO;
				MTL_FAST_MATH = YES;
				SDKROOT = iphoneos;
				SWIFT_COMPILATION_MODE = wholemodule;
				SWIFT_OPTIMIZATION_LEVEL = "-O";
				VALIDATE_PRODUCT = YES;
			};
			name = Release;
		};
		74EE1FCC252B2CD500438B77 /* Debug */ = {
			isa = XCBuildConfiguration;
			baseConfigurationReference = 5353E02DAA3CFFB1B0BC7314 /* Pods-Photos.debug.xcconfig */;
			buildSettings = {
				ASSETCATALOG_COMPILER_APPICON_NAME = AppIcon;
				CODE_SIGN_STYLE = Automatic;
				DEVELOPMENT_TEAM = K3YNK36LKJ;
				INFOPLIST_FILE = Photos/Info.plist;
				LD_RUNPATH_SEARCH_PATHS = (
					"$(inherited)",
					"@executable_path/Frameworks",
				);
				PRODUCT_BUNDLE_IDENTIFIER = my.company.com.Photos;
				PRODUCT_NAME = "$(TARGET_NAME)";
				SWIFT_VERSION = 5.0;
				TARGETED_DEVICE_FAMILY = "1,2";
			};
			name = Debug;
		};
		74EE1FCD252B2CD500438B77 /* Release */ = {
			isa = XCBuildConfiguration;
			baseConfigurationReference = BEF859A46A0EC32EF69E8EBF /* Pods-Photos.release.xcconfig */;
			buildSettings = {
				ASSETCATALOG_COMPILER_APPICON_NAME = AppIcon;
				CODE_SIGN_STYLE = Automatic;
				DEVELOPMENT_TEAM = K3YNK36LKJ;
				INFOPLIST_FILE = Photos/Info.plist;
				LD_RUNPATH_SEARCH_PATHS = (
					"$(inherited)",
					"@executable_path/Frameworks",
				);
				PRODUCT_BUNDLE_IDENTIFIER = my.company.com.Photos;
				PRODUCT_NAME = "$(TARGET_NAME)";
				SWIFT_VERSION = 5.0;
				TARGETED_DEVICE_FAMILY = "1,2";
			};
			name = Release;
		};
/* End XCBuildConfiguration section */

/* Begin XCConfigurationList section */
		74EE1FB2252B2CD300438B77 /* Build configuration list for PBXProject "Photos" */ = {
			isa = XCConfigurationList;
			buildConfigurations = (
				74EE1FC9252B2CD500438B77 /* Debug */,
				74EE1FCA252B2CD500438B77 /* Release */,
			);
			defaultConfigurationIsVisible = 0;
			defaultConfigurationName = Release;
		};
		74EE1FCB252B2CD500438B77 /* Build configuration list for PBXNativeTarget "Photos" */ = {
			isa = XCConfigurationList;
			buildConfigurations = (
				74EE1FCC252B2CD500438B77 /* Debug */,
				74EE1FCD252B2CD500438B77 /* Release */,
			);
			defaultConfigurationIsVisible = 0;
			defaultConfigurationName = Release;
		};
/* End XCConfigurationList section */
	};
	rootObject = 74EE1FAF252B2CD300438B77 /* Project object */;
}
